{
  "version": 4,
  "terraform_version": "1.14.3",
  "serial": 37,
  "lineage": "63827334-fa82-8469-0f82-bb20c70526a9",
  "outputs": {
    "cloudsql_connection_name": {
      "value": "thermal-camera-485502-u2:us-central1:python-instance",
      "type": "string"
    },
    "gcp_artifact_registry": {
      "value": "us-central1-docker.pkg.dev/thermal-camera-485502-u2/python-repository",
      "type": "string"
    },
    "load_balancer_ip": {
      "value": "34.117.15.182",
      "type": "string"
    }
  },
  "resources": [
    {
      "mode": "managed",
      "type": "google_artifact_registry_repository",
      "name": "python-repo",
      "provider": "provider[\"registry.terraform.io/hashicorp/google\"]",
      "instances": [
        {
          "schema_version": 0,
          "attributes": {
            "cleanup_policies": [],
            "cleanup_policy_dry_run": false,
            "create_time": "2026-03-07T20:10:45.414941Z",
            "description": "example docker repository",
            "docker_config": [],
            "effective_labels": {
              "goog-terraform-provisioned": "true"
            },
            "format": "DOCKER",
            "id": "projects/thermal-camera-485502-u2/locations/us-central1/repositories/python-repository",
            "kms_key_name": "",
            "labels": {},
            "location": "us-central1",
            "maven_config": [],
            "mode": "STANDARD_REPOSITORY",
            "name": "python-repository",
            "project": "thermal-camera-485502-u2",
            "registry_uri": "us-central1-docker.pkg.dev/thermal-camera-485502-u2/python-repository",
            "remote_repository_config": [],
            "repository_id": "python-repository",
            "terraform_labels": {
              "goog-terraform-provisioned": "true"
            },
            "timeouts": null,
            "update_time": "2026-03-07T22:04:06.258115Z",
            "virtual_repository_config": [],
            "vulnerability_scanning_config": [
              {
                "enablement_config": "",
                "enablement_state": "SCANNING_DISABLED",
                "enablement_state_reason": "API containerscanning.googleapis.com is not enabled."
              }
            ]
          },
          "sensitive_attributes": [],
          "identity_schema_version": 0,
          "private": "eyJlMmJmYjczMC1lY2FhLTExZTYtOGY4OC0zNDM2M2JjN2M0YzAiOnsiY3JlYXRlIjoxMjAwMDAwMDAwMDAwLCJkZWxldGUiOjEyMDAwMDAwMDAwMDAsInVwZGF0ZSI6MTIwMDAwMDAwMDAwMH19"
        }
      ]
    },
    {
      "mode": "managed",
      "type": "google_cloud_run_v2_service",
      "name": "python",
      "provider": "provider[\"registry.terraform.io/hashicorp/google\"]",
      "instances": [
        {
          "status": "tainted",
          "schema_version": 0,
          "attributes": {
            "annotations": null,
            "binary_authorization": [],
            "build_config": [],
            "client": null,
            "client_version": null,
            "conditions": null,
            "create_time": null,
            "creator": null,
            "custom_audiences": null,
            "default_uri_disabled": null,
            "delete_time": null,
            "deletion_protection": false,
            "description": null,
            "effective_annotations": null,
            "effective_labels": {
              "goog-terraform-provisioned": "true"
            },
            "etag": null,
            "expire_time": null,
            "generation": null,
            "iap_enabled": null,
            "id": "projects/thermal-camera-485502-u2/locations/us-central1/services/python-api",
            "ingress": "INGRESS_TRAFFIC_INTERNAL_LOAD_BALANCER",
            "invoker_iam_disabled": null,
            "labels": null,
            "last_modifier": null,
            "latest_created_revision": null,
            "latest_ready_revision": null,
            "launch_stage": null,
            "location": "us-central1",
            "multi_region_settings": [],
            "name": "python-api",
            "observed_generation": null,
            "project": "thermal-camera-485502-u2",
            "reconciling": null,
            "scaling": null,
            "template": [
              {
                "annotations": null,
                "containers": [
                  {
                    "args": null,
                    "base_image_uri": "",
                    "build_info": [],
                    "command": null,
                    "depends_on": null,
                    "env": [
                      {
                        "name": "CLOUD_SQL_INSTANCE",
                        "value": "thermal-camera-485502-u2:us-central1:python-instance",
                        "value_source": []
                      },
                      {
                        "name": "DB_NAME",
                        "value": "mydb",
                        "value_source": []
                      },
                      {
                        "name": "DB_PASS",
                        "value": "strongpass",
                        "value_source": []
                      },
                      {
                        "name": "DB_PORT",
                        "value": "5432",
                        "value_source": []
                      },
                      {
                        "name": "DB_USER",
                        "value": "manab",
                        "value_source": []
                      }
                    ],
                    "image": "us-central1-docker.pkg.dev/thermal-camera-485502-u2/python-repository/python-cloud:v9",
                    "liveness_probe": [],
                    "name": "python-container",
                    "ports": [
                      {
                        "container_port": 8000,
                        "name": ""
                      }
                    ],
                    "readiness_probe": [],
                    "resources": [
                      {
                        "cpu_idle": false,
                        "limits": {
                          "cpu": "1",
                          "memory": "1Gi"
                        },
                        "startup_cpu_boost": false
                      }
                    ],
                    "startup_probe": [],
                    "volume_mounts": [
                      {
                        "mount_path": "/cloudsql",
                        "name": "cloudsql",
                        "sub_path": ""
                      }
                    ],
                    "working_dir": ""
                  }
                ],
                "encryption_key": "",
                "execution_environment": "",
                "gpu_zonal_redundancy_disabled": false,
                "health_check_disabled": false,
                "labels": null,
                "max_instance_request_concurrency": 0,
                "node_selector": [],
                "revision": "",
                "scaling": [
                  {
                    "max_instance_count": 10,
                    "min_instance_count": 1
                  }
                ],
                "service_account": "",
                "session_affinity": false,
                "timeout": "",
                "volumes": [
                  {
                    "cloud_sql_instance": [
                      {
                        "instances": [
                          "thermal-camera-485502-u2:us-central1:python-instance"
                        ]
                      }
                    ],
                    "empty_dir": [],
                    "gcs": [],
                    "name": "cloudsql",
                    "nfs": [],
                    "secret": []
                  }
                ],
                "vpc_access": []
              }
            ],
            "terminal_condition": null,
            "terraform_labels": {
              "goog-terraform-provisioned": "true"
            },
            "timeouts": null,
            "traffic": null,
            "traffic_statuses": null,
            "uid": null,
            "update_time": null,
            "uri": null,
            "urls": null
          },
          "sensitive_attributes": [
            [
              {
                "type": "get_attr",
                "value": "template"
              },
              {
                "type": "index",
                "value": {
                  "value": 0,
                  "type": "number"
                }
              },
              {
                "type": "get_attr",
                "value": "containers"
              },
              {
                "type": "index",
                "value": {
                  "value": 0,
                  "type": "number"
                }
              },
              {
                "type": "get_attr",
                "value": "env"
              }
            ]
          ],
          "identity_schema_version": 0,
          "private": "eyJlMmJmYjczMC1lY2FhLTExZTYtOGY4OC0zNDM2M2JjN2M0YzAiOnsiY3JlYXRlIjoxMjAwMDAwMDAwMDAwLCJkZWxldGUiOjEyMDAwMDAwMDAwMDAsInVwZGF0ZSI6MTIwMDAwMDAwMDAwMH19",
          "dependencies": [
            "google_sql_database.mydb",
            "google_sql_database_instance.main",
            "google_sql_user.db_user"
          ]
        }
      ]
    },
    {
      "mode": "managed",
      "type": "google_cloud_run_v2_service",
      "name": "react",
      "provider": "provider[\"registry.terraform.io/hashicorp/google\"]",
      "instances": [
        {
          "status": "tainted",
          "schema_version": 0,
          "attributes": {
            "annotations": {},
            "binary_authorization": [],
            "build_config": [],
            "client": "",
            "client_version": "",
            "conditions": [
              {
                "execution_reason": "",
                "last_transition_time": "2026-03-07T20:50:01.076186Z",
                "message": "Image 'us-central1-docker.pkg.dev/thermal-camera-485502-u2/python-repository/react-manab:latest' not found.",
                "reason": "REVISION_FAILED",
                "revision_reason": "",
                "severity": "",
                "state": "CONDITION_FAILED",
                "type": "RoutesReady"
              },
              {
                "execution_reason": "",
                "last_transition_time": "2026-03-07T20:50:01.051488Z",
                "message": "Image 'us-central1-docker.pkg.dev/thermal-camera-485502-u2/python-repository/react-manab:latest' not found.",
                "reason": "",
                "revision_reason": "",
                "severity": "",
                "state": "CONDITION_FAILED",
                "type": "ConfigurationsReady"
              }
            ],
            "create_time": "2026-03-07T20:50:00.785837Z",
            "creator": "github-actions@thermal-camera-485502-u2.iam.gserviceaccount.com",
            "custom_audiences": [],
            "default_uri_disabled": false,
            "delete_time": "",
            "deletion_protection": true,
            "description": "",
            "effective_annotations": {},
            "effective_labels": {
              "goog-terraform-provisioned": "true"
            },
            "etag": "\"CPiess0GEMjX2_YC/cHJvamVjdHMvdGhlcm1hbC1jYW1lcmEtNDg1NTAyLXUyL2xvY2F0aW9ucy91cy1jZW50cmFsMS9zZXJ2aWNlcy9yZWFjdC1tYW5hYg\"",
            "expire_time": "",
            "generation": "1",
            "iap_enabled": false,
            "id": "projects/thermal-camera-485502-u2/locations/us-central1/services/react-manab",
            "ingress": "INGRESS_TRAFFIC_INTERNAL_LOAD_BALANCER",
            "invoker_iam_disabled": false,
            "labels": {},
            "last_modifier": "github-actions@thermal-camera-485502-u2.iam.gserviceaccount.com",
            "latest_created_revision": "projects/thermal-camera-485502-u2/locations/us-central1/services/react-manab/revisions/react-manab-00001-phx",
            "latest_ready_revision": "",
            "launch_stage": "GA",
            "location": "us-central1",
            "multi_region_settings": [],
            "name": "react-manab",
            "observed_generation": "1",
            "project": "thermal-camera-485502-u2",
            "reconciling": false,
            "scaling": [
              {
                "manual_instance_count": 0,
                "max_instance_count": 20,
                "min_instance_count": 0,
                "scaling_mode": ""
              }
            ],
            "template": [
              {
                "annotations": {},
                "containers": [
                  {
                    "args": [],
                    "base_image_uri": "",
                    "build_info": [],
                    "command": [],
                    "depends_on": [],
                    "env": [],
                    "image": "us-central1-docker.pkg.dev/thermal-camera-485502-u2/python-repository/react-manab:latest",
                    "liveness_probe": [],
                    "name": "react-container",
                    "ports": [
                      {
                        "container_port": 80,
                        "name": "http1"
                      }
                    ],
                    "readiness_probe": [],
                    "resources": [
                      {
                        "cpu_idle": true,
                        "limits": {
                          "cpu": "1000m",
                          "memory": "512Mi"
                        },
                        "startup_cpu_boost": false
                      }
                    ],
                    "startup_probe": [
                      {
                        "failure_threshold": 1,
                        "grpc": [],
                        "http_get": [],
                        "initial_delay_seconds": 0,
                        "period_seconds": 240,
                        "tcp_socket": [
                          {
                            "port": 80
                          }
                        ],
                        "timeout_seconds": 240
                      }
                    ],
                    "volume_mounts": [],
                    "working_dir": ""
                  }
                ],
                "encryption_key": "",
                "execution_environment": "",
                "gpu_zonal_redundancy_disabled": false,
                "health_check_disabled": false,
                "labels": {},
                "max_instance_request_concurrency": 80,
                "node_selector": [],
                "revision": "",
                "scaling": [],
                "service_account": "439018294164-compute@developer.gserviceaccount.com",
                "session_affinity": false,
                "timeout": "300s",
                "volumes": [],
                "vpc_access": []
              }
            ],
            "terminal_condition": [
              {
                "execution_reason": "",
                "last_transition_time": "2026-03-07T20:50:01.076186Z",
                "message": "Image 'us-central1-docker.pkg.dev/thermal-camera-485502-u2/python-repository/react-manab:latest' not found.",
                "reason": "REVISION_FAILED",
                "revision_reason": "",
                "severity": "",
                "state": "CONDITION_FAILED",
                "type": "Ready"
              }
            ],
            "terraform_labels": {
              "goog-terraform-provisioned": "true"
            },
            "timeouts": null,
            "traffic": [
              {
                "percent": 100,
                "revision": "",
                "tag": "",
                "type": "TRAFFIC_TARGET_ALLOCATION_TYPE_LATEST"
              }
            ],
            "traffic_statuses": [],
            "uid": "6ea94e9e-857e-4681-8be7-0337ed293c86",
            "update_time": "2026-03-07T20:50:00.785837Z",
            "uri": "",
            "urls": [
              "https://react-manab-439018294164.us-central1.run.app"
            ]
          },
          "sensitive_attributes": [],
          "identity_schema_version": 0,
          "private": "eyJlMmJmYjczMC1lY2FhLTExZTYtOGY4OC0zNDM2M2JjN2M0YzAiOnsiY3JlYXRlIjoxMjAwMDAwMDAwMDAwLCJkZWxldGUiOjEyMDAwMDAwMDAwMDAsInVwZGF0ZSI6MTIwMDAwMDAwMDAwMH19"
        }
      ]
    },
    {
      "mode": "managed",
      "type": "google_compute_global_address",
      "name": "lb_ip",
      "provider": "provider[\"registry.terraform.io/hashicorp/google\"]",
      "instances": [
        {
          "schema_version": 0,
          "attributes": {
            "address": "34.117.15.182",
            "address_type": "EXTERNAL",
            "creation_timestamp": "2026-03-07T12:10:46.119-08:00",
            "description": "",
            "effective_labels": {
              "goog-terraform-provisioned": "true"
            },
            "id": "projects/thermal-camera-485502-u2/global/addresses/python-cloudrun-lb-ip",
            "ip_version": "",
            "label_fingerprint": "vezUS-42LLM=",
            "labels": {},
            "name": "python-cloudrun-lb-ip",
            "network": "",
            "prefix_length": 0,
            "project": "thermal-camera-485502-u2",
            "purpose": "",
            "self_link": "https://www.googleapis.com/compute/v1/projects/thermal-camera-485502-u2/global/addresses/python-cloudrun-lb-ip",
            "terraform_labels": {
              "goog-terraform-provisioned": "true"
            },
            "timeouts": null
          },
          "sensitive_attributes": [],
          "identity_schema_version": 0,
          "private": "eyJlMmJmYjczMC1lY2FhLTExZTYtOGY4OC0zNDM2M2JjN2M0YzAiOnsiY3JlYXRlIjoxMjAwMDAwMDAwMDAwLCJkZWxldGUiOjEyMDAwMDAwMDAwMDAsInVwZGF0ZSI6MTIwMDAwMDAwMDAwMH19"
        }
      ]
    },
    {
      "mode": "managed",
      "type": "google_compute_global_forwarding_rule",
      "name": "http",
      "provider": "provider[\"registry.terraform.io/hashicorp/google\"]",
      "instances": [
        {
          "schema_version": 0,
          "attributes": {
            "base_forwarding_rule": "",
            "description": "",
            "effective_labels": {},
            "external_managed_backend_bucket_migration_state": "",
            "external_managed_backend_bucket_migration_testing_percentage": 0,
            "forwarding_rule_id": 1993379683323949316,
            "id": "projects/thermal-camera-485502-u2/global/forwardingRules/manab-http-redirect-rule",
            "ip_address": "34.117.15.182",
            "ip_protocol": "TCP",
            "ip_version": "",
            "label_fingerprint": "42WmSpB8rSM=",
            "labels": {},
            "load_balancing_scheme": "EXTERNAL",
            "metadata_filters": [],
            "name": "manab-http-redirect-rule",
            "network": "",
            "network_tier": "PREMIUM",
            "no_automate_dns_zone": null,
            "port_range": "80-80",
            "project": "thermal-camera-485502-u2",
            "psc_connection_id": "",
            "psc_connection_status": "",
            "self_link": "https://www.googleapis.com/compute/v1/projects/thermal-camera-485502-u2/global/forwardingRules/manab-http-redirect-rule",
            "service_directory_registrations": [],
            "source_ip_ranges": [],
            "subnetwork": "",
            "target": "https://www.googleapis.com/compute/v1/projects/thermal-camera-485502-u2/global/targetHttpProxies/manab-http-redirect-proxy",
            "terraform_labels": {},
            "timeouts": null
          },
          "sensitive_attributes": [],
          "identity_schema_version": 0,
          "private": "eyJlMmJmYjczMC1lY2FhLTExZTYtOGY4OC0zNDM2M2JjN2M0YzAiOnsiY3JlYXRlIjoxMjAwMDAwMDAwMDAwLCJkZWxldGUiOjEyMDAwMDAwMDAwMDAsInVwZGF0ZSI6MTIwMDAwMDAwMDAwMH19",
          "dependencies": [
            "google_compute_global_address.lb_ip",
            "google_compute_target_http_proxy.http_redirect",
            "google_compute_url_map.http_redirect"
          ]
        }
      ]
    },
    {
      "mode": "managed",
      "type": "google_compute_managed_ssl_certificate",
      "name": "app_cert",
      "provider": "provider[\"registry.terraform.io/hashicorp/google\"]",
      "instances": [
        {
          "schema_version": 0,
          "attributes": {
            "certificate_id": 4856072194670801303,
            "creation_timestamp": "2026-03-07T12:50:00.689-08:00",
            "description": "",
            "expire_time": "",
            "id": "projects/thermal-camera-485502-u2/global/sslCertificates/manab-app-managed-cert",
            "managed": [
              {
                "domains": [
                  "cloud.manabpokhrel.com.np"
                ]
              }
            ],
            "name": "manab-app-managed-cert",
            "project": "thermal-camera-485502-u2",
            "self_link": "https://www.googleapis.com/compute/v1/projects/thermal-camera-485502-u2/global/sslCertificates/manab-app-managed-cert",
            "subject_alternative_names": [],
            "timeouts": null,
            "type": "MANAGED"
          },
          "sensitive_attributes": [],
          "identity_schema_version": 0,
          "private": "eyJlMmJmYjczMC1lY2FhLTExZTYtOGY4OC0zNDM2M2JjN2M0YzAiOnsiY3JlYXRlIjoxODAwMDAwMDAwMDAwLCJkZWxldGUiOjE4MDAwMDAwMDAwMDB9fQ=="
        }
      ]
    },
    {
      "mode": "managed",
      "type": "google_compute_target_http_proxy",
      "name": "http_redirect",
      "provider": "provider[\"registry.terraform.io/hashicorp/google\"]",
      "instances": [
        {
          "schema_version": 0,
          "attributes": {
            "creation_timestamp": "2026-03-07T12:51:44.125-08:00",
            "description": "",
            "fingerprint": "YnFxyhAerSs=",
            "http_keep_alive_timeout_sec": 0,
            "id": "projects/thermal-camera-485502-u2/global/targetHttpProxies/manab-http-redirect-proxy",
            "name": "manab-http-redirect-proxy",
            "project": "thermal-camera-485502-u2",
            "proxy_bind": false,
            "proxy_id": 3287588689798050096,
            "self_link": "https://www.googleapis.com/compute/v1/projects/thermal-camera-485502-u2/global/targetHttpProxies/manab-http-redirect-proxy",
            "timeouts": null,
            "url_map": "https://www.googleapis.com/compute/v1/projects/thermal-camera-485502-u2/global/urlMaps/manab-http-to-https-redirect"
          },
          "sensitive_attributes": [],
          "identity_schema_version": 0,
          "private": "eyJlMmJmYjczMC1lY2FhLTExZTYtOGY4OC0zNDM2M2JjN2M0YzAiOnsiY3JlYXRlIjoxMjAwMDAwMDAwMDAwLCJkZWxldGUiOjEyMDAwMDAwMDAwMDAsInVwZGF0ZSI6MTIwMDAwMDAwMDAwMH19",
          "dependencies": [
            "google_compute_url_map.http_redirect"
          ]
        }
      ]
    },
    {
      "mode": "managed",
      "type": "google_compute_url_map",
      "name": "http_redirect",
      "provider": "provider[\"registry.terraform.io/hashicorp/google\"]",
      "instances": [
        {
          "schema_version": 0,
          "attributes": {
            "creation_timestamp": "2026-03-07T12:51:32.924-08:00",
            "default_custom_error_response_policy": [],
            "default_route_action": [],
            "default_service": "",
            "default_url_redirect": [
              {
                "host_redirect": "",
                "https_redirect": true,
                "path_redirect": "",
                "prefix_redirect": "",
                "redirect_response_code": "",
                "strip_query": false
              }
            ],
            "description": "",
            "fingerprint": "j9JKOMI1Pqk=",
            "header_action": [],
            "host_rule": [],
            "id": "projects/thermal-camera-485502-u2/global/urlMaps/manab-http-to-https-redirect",
            "map_id": 6727730667804766523,
            "name": "manab-http-to-https-redirect",
            "path_matcher": [],
            "project": "thermal-camera-485502-u2",
            "self_link": "https://www.googleapis.com/compute/v1/projects/thermal-camera-485502-u2/global/urlMaps/manab-http-to-https-redirect",
            "test": [],
            "timeouts": null
          },
          "sensitive_attributes": [],
          "identity_schema_version": 0,
          "private": "eyJlMmJmYjczMC1lY2FhLTExZTYtOGY4OC0zNDM2M2JjN2M0YzAiOnsiY3JlYXRlIjoxMjAwMDAwMDAwMDAwLCJkZWxldGUiOjEyMDAwMDAwMDAwMDAsInVwZGF0ZSI6MTIwMDAwMDAwMDAwMH19"
        }
      ]
    },
    {
      "mode": "managed",
      "type": "google_sql_database",
      "name": "mydb",
      "provider": "provider[\"registry.terraform.io/hashicorp/google\"]",
      "instances": [
        {
          "schema_version": 0,
          "attributes": {
            "charset": "UTF8",
            "collation": "en_US.UTF8",
            "deletion_policy": "DELETE",
            "id": "projects/thermal-camera-485502-u2/instances/python-instance/databases/mydb",
            "instance": "python-instance",
            "name": "mydb",
            "project": "thermal-camera-485502-u2",
            "self_link": "https://sqladmin.googleapis.com/sql/v1beta4/projects/thermal-camera-485502-u2/instances/python-instance/databases/mydb",
            "timeouts": null
          },
          "sensitive_attributes": [],
          "identity_schema_version": 0,
          "private": "eyJlMmJmYjczMC1lY2FhLTExZTYtOGY4OC0zNDM2M2JjN2M0YzAiOnsiY3JlYXRlIjoxMjAwMDAwMDAwMDAwLCJkZWxldGUiOjEyMDAwMDAwMDAwMDAsInVwZGF0ZSI6MTIwMDAwMDAwMDAwMH19",
          "dependencies": [
            "google_sql_database_instance.main"
          ]
        }
      ]
    },
    {
      "mode": "managed",
      "type": "google_sql_database_instance",
      "name": "main",
      "provider": "provider[\"registry.terraform.io/hashicorp/google\"]",
      "instances": [
        {
          "schema_version": 0,
          "attributes": {
            "available_maintenance_versions": [],
            "backupdr_backup": null,
            "clone": [],
            "connection_name": "thermal-camera-485502-u2:us-central1:python-instance",
            "database_version": "POSTGRES_15",
            "deletion_protection": false,
            "dns_name": "",
            "dns_names": [],
            "encryption_key_name": null,
            "final_backup_description": null,
            "first_ip_address": "35.226.52.77",
            "id": "python-instance",
            "instance_type": "CLOUD_SQL_INSTANCE",
            "ip_address": [
              {
                "ip_address": "35.226.52.77",
                "time_to_retire": "",
                "type": "PRIMARY"
              },
              {
                "ip_address": "34.71.177.3",
                "time_to_retire": "",
                "type": "OUTGOING"
              }
            ],
            "maintenance_version": "POSTGRES_15_16.R20260108.01_14",
            "master_instance_name": "",
            "name": "python-instance",
            "node_count": 0,
            "point_in_time_restore_context": [],
            "private_ip_address": "",
            "project": "thermal-camera-485502-u2",
            "psc_service_attachment_link": "",
            "public_ip_address": "35.226.52.77",
            "region": "us-central1",
            "replica_configuration": [],
            "replica_names": [],
            "replication_cluster": [
              {
                "dr_replica": false,
                "failover_dr_replica_name": "",
                "psa_write_endpoint": ""
              }
            ],
            "restore_backup_context": [],
            "root_password": null,
            "root_password_wo": null,
            "root_password_wo_version": null,
            "self_link": "https://sqladmin.googleapis.com/sql/v1beta4/projects/thermal-camera-485502-u2/instances/python-instance",
            "server_ca_cert": [
              {
                "cert": "-----BEGIN CERTIFICATE-----\nMIIDfzCCAmegAwIBAgIBADANBgkqhkiG9w0BAQsFADB3MS0wKwYDVQQuEyQyMzc3\nZjBkMC1jZTVkLTQ4MmMtYjZjMi01MzY2ZTE1YTFkYjIxIzAhBgNVBAMTGkdvb2ds\nZSBDbG91ZCBTUUwgU2VydmVyIENBMRQwEgYDVQQKEwtHb29nbGUsIEluYzELMAkG\nA1UEBhMCVVMwHhcNMjYwMzA3MjAxMDI2WhcNMzYwMzA0MjAxMTI2WjB3MS0wKwYD\nVQQuEyQyMzc3ZjBkMC1jZTVkLTQ4MmMtYjZjMi01MzY2ZTE1YTFkYjIxIzAhBgNV\nBAMTGkdvb2dsZSBDbG91ZCBTUUwgU2VydmVyIENBMRQwEgYDVQQKEwtHb29nbGUs\nIEluYzELMAkGA1UEBhMCVVMwggEiMA0GCSqGSIb3DQEBAQUAA4IBDwAwggEKAoIB\nAQCH4fZLg0J6hNOLwbxT0HC/d4ilEo+vhSjPegVfo/Mvi0KPn24w/0SQz/HbSbwq\nwCN24BXLGPhXwxSNk5BOPD9YYezvPug+12xiPke0qFIyNajGHJ9jPJd+m0HOKJwB\nNUt6EkKiDNc98EQvW/KaVFnelYLL96nMZClZFovP0k4myWrshM5aFd+JEEbp5MCd\nGZXXw1avk/6sRu7N09pnjRnRjpCAJXmNkxfdE1WmflGhIRns3OP91kdqSUOLiscf\nq5dG860ps5BOc5CwdKxr9JVLRQKqF5we6qD4WBP3rvrspPCwOcT9XidsqXssoGIO\nM9DJlGupSx5b4VLVIQVbIfRjAgMBAAGjFjAUMBIGA1UdEwEB/wQIMAYBAf8CAQAw\nDQYJKoZIhvcNAQELBQADggEBAE8y8CuyzKRZlr60S3tr+11AcYy2Q6sJ9qhR9mnn\n6U1zx9hNbQLu71lT/KnOn+f+B4IgtlbVVYZnUrVcAeV3x8ypv+AJguewQuZaluWO\np+mFU1NMBUKA+V3Zl/i+8HxBl8ntfd2oBS4iM6Qu/BBCFVzeZDCcERylJ9DEQtCH\neXfzAtSZTCrwIhy8/XEXF42taQznTQu/hK0ehvT0CTjnehmc166sgxRankOKxaFR\nD9GqYLfjqYrtiNwXUwT6o2H4LyLy9r0Fve5Tum6kIDixORzMjmZQJY9DK0jeQV7e\n22ZlrJngPRbw9dJ0HQ/tIq4DveS7DGCkE0rwPU7v1lQ0eRw=\n-----END CERTIFICATE-----",
                "common_name": "C=US,O=Google\\, Inc,CN=Google Cloud SQL Server CA,dnQualifier=2377f0d0-ce5d-482c-b6c2-5366e15a1db2",
                "create_time": "2026-03-07T20:10:26.122Z",
                "expiration_time": "2036-03-04T20:11:26.122Z",
                "sha1_fingerprint": "1758a9490014f53dc92e9781c96e99c44456a88e"
              }
            ],
            "service_account_email_address": "p439018294164-lnnjz4@gcp-sa-cloud-sql.iam.gserviceaccount.com",
            "settings": [
              {
                "activation_policy": "ALWAYS",
                "active_directory_config": [],
                "advanced_machine_features": [],
                "auto_upgrade_enabled": false,
                "availability_type": "ZONAL",
                "backup_configuration": [
                  {
                    "backup_retention_settings": [
                      {
                        "retained_backups": 7,
                        "retention_unit": "COUNT"
                      }
                    ],
                    "backup_tier": "STANDARD",
                    "binary_log_enabled": false,
                    "enabled": false,
                    "location": "",
                    "point_in_time_recovery_enabled": false,
                    "start_time": "16:00",
                    "transaction_log_retention_days": 7
                  }
                ],
                "collation": "",
                "connection_pool_config": [],
                "connector_enforcement": "NOT_REQUIRED",
                "data_api_access": "",
                "data_cache_config": [
                  {
                    "data_cache_enabled": false
                  }
                ],
                "database_flags": [],
                "deletion_protection_enabled": false,
                "deny_maintenance_period": [],
                "disk_autoresize": true,
                "disk_autoresize_limit": 0,
                "disk_size": 10,
                "disk_type": "PD_SSD",
                "edition": "ENTERPRISE",
                "effective_availability_type": "ZONAL",
                "enable_dataplex_integration": false,
                "enable_google_ml_integration": false,
                "final_backup_config": [],
                "insights_config": [],
                "ip_configuration": [
                  {
                    "allocated_ip_range": "",
                    "authorized_networks": [],
                    "custom_subject_alternative_names": [],
                    "enable_private_path_for_google_cloud_services": false,
                    "ipv4_enabled": true,
                    "private_network": "",
                    "psc_config": [],
                    "server_ca_mode": "GOOGLE_MANAGED_INTERNAL_CA",
                    "server_ca_pool": "",
                    "ssl_mode": "ALLOW_UNENCRYPTED_AND_ENCRYPTED"
                  }
                ],
                "location_preference": [
                  {
                    "follow_gae_application": "",
                    "secondary_zone": "",
                    "zone": "us-central1-a"
                  }
                ],
                "maintenance_window": [],
                "password_validation_policy": [],
                "pricing_plan": "PER_USE",
                "read_pool_auto_scale_config": [
                  {
                    "disable_scale_in": false,
                    "enabled": false,
                    "max_node_count": 0,
                    "min_node_count": 0,
                    "scale_in_cooldown_seconds": 0,
                    "scale_out_cooldown_seconds": 0,
                    "target_metrics": []
                  }
                ],
                "retain_backups_on_delete": false,
                "sql_server_audit_config": [],
                "tier": "db-f1-micro",
                "time_zone": "",
                "user_labels": {},
                "version": 1
              }
            ],
            "timeouts": null
          },
          "sensitive_attributes": [
            [
              {
                "type": "get_attr",
                "value": "root_password"
              }
            ],
            [
              {
                "type": "get_attr",
                "value": "server_ca_cert"
              }
            ]
          ],
          "identity_schema_version": 0,
          "private": "eyJlMmJmYjczMC1lY2FhLTExZTYtOGY4OC0zNDM2M2JjN2M0YzAiOnsiY3JlYXRlIjo1NDAwMDAwMDAwMDAwLCJkZWxldGUiOjU0MDAwMDAwMDAwMDAsInVwZGF0ZSI6NTQwMDAwMDAwMDAwMH19"
        }
      ]
    },
    {
      "mode": "managed",
      "type": "google_sql_user",
      "name": "db_user",
      "provider": "provider[\"registry.terraform.io/hashicorp/google\"]",
      "instances": [
        {
          "schema_version": 1,
          "attributes": {
            "database_roles": null,
            "deletion_policy": null,
            "host": "",
            "iam_email": "",
            "id": "manab//python-instance",
            "instance": "python-instance",
            "name": "manab",
            "password": "strongpass",
            "password_policy": [],
            "password_wo": null,
            "password_wo_version": null,
            "project": "thermal-camera-485502-u2",
            "sql_server_user_details": [],
            "timeouts": null,
            "type": ""
          },
          "sensitive_attributes": [
            [
              {
                "type": "get_attr",
                "value": "password"
              }
            ]
          ],
          "identity_schema_version": 0,
          "private": "eyJlMmJmYjczMC1lY2FhLTExZTYtOGY4OC0zNDM2M2JjN2M0YzAiOnsiY3JlYXRlIjo2MDAwMDAwMDAwMDAsImRlbGV0ZSI6NjAwMDAwMDAwMDAwLCJ1cGRhdGUiOjYwMDAwMDAwMDAwMH0sInNjaGVtYV92ZXJzaW9uIjoiMSJ9",
          "dependencies": [
            "google_sql_database_instance.main"
          ]
        }
      ]
    }
  ],
  "check_results": null
}
